
Microsoft Visual Studio Solution File, Format Version 12.00
# Visual Studio Version 17
VisualStudioVersion = 17.9.34723.18
MinimumVisualStudioVersion = 10.0.40219.1
Project("{FAE04EC0-301F-11D3-BF4B-00C04F79EFBC}") = "RedDocMed2", "RedDocMed2.csproj", "{CC44CB7B-9B96-4940-B539-8B6F6B384B60}"
EndProject
Global
	GlobalSection(SolutionConfigurationPlatforms) = preSolution
		Debug|Any CPU = Debug|Any CPU
		Release|Any CPU = Release|Any CPU
	EndGlobalSection
	GlobalSection(ProjectConfigurationPlatforms) = postSolution
		{CC44CB7B-9B96-4940-B539-8B6F6B384B60}.Debug|Any CPU.ActiveCfg = Debug|Any CPU
		{CC44CB7B-9B96-4940-B539-8B6F6B384B60}.Debug|Any CPU.Build.0 = Debug|Any CPU
		{CC44CB7B-9B96-4940-B539-8B6F6B384B60}.Release|Any CPU.ActiveCfg = Release|Any CPU
		{CC44CB7B-9B96-4940-B539-8B6F6B384B60}.Release|Any CPU.Build.0 = Release|Any CPU
	EndGlobalSection
	GlobalSection(SolutionProperties) = preSolution
		HideSolutionNode = FALSE
	EndGlobalSection
	GlobalSection(ExtensibilityGlobals) = postSolution
		SolutionGuid = {EBEE3F56-4F2C-4B94-87F3-22119230896E}
	EndGlobalSection
EndGlobal
